// !$*UTF8*$!
{
	archiveVersion = 1;
	classes = {
	};
	objectVersion = 46;
	objects = {

/* Begin PBXBuildFile section */
		7DA010C31F49F8310041225B /* AppDelegate.swift in Sources */ = {isa = PBXBuildFile; fileRef = 7DA010C21F49F8310041225B /* AppDelegate.swift */; };
		7DA010C81F49F8310041225B /* Main.storyboard in Resources */ = {isa = PBXBuildFile; fileRef = 7DA010C61F49F8310041225B /* Main.storyboard */; };
		7DA010CB1F49F8310041225B /* MyWeather.xcdatamodeld in Sources */ = {isa = PBXBuildFile; fileRef = 7DA010C91F49F8310041225B /* MyWeather.xcdatamodeld */; };
		7DA010CD1F49F8310041225B /* Assets.xcassets in Resources */ = {isa = PBXBuildFile; fileRef = 7DA010CC1F49F8310041225B /* Assets.xcassets */; };
		7DA010D01F49F8310041225B /* LaunchScreen.storyboard in Resources */ = {isa = PBXBuildFile; fileRef = 7DA010CE1F49F8310041225B /* LaunchScreen.storyboard */; };
		7DA010DA1F49F8F80041225B /* City+CoreDataClass.swift in Sources */ = {isa = PBXBuildFile; fileRef = 7DA010D81F49F8F80041225B /* City+CoreDataClass.swift */; };
		7DA010DB1F49F8F80041225B /* City+CoreDataProperties.swift in Sources */ = {isa = PBXBuildFile; fileRef = 7DA010D91F49F8F80041225B /* City+CoreDataProperties.swift */; };
		7DA010E21F49F94C0041225B /* LocationService.swift in Sources */ = {isa = PBXBuildFile; fileRef = 7DA010DF1F49F94C0041225B /* LocationService.swift */; };
		7DA010E31F49F94C0041225B /* Observable.swift in Sources */ = {isa = PBXBuildFile; fileRef = 7DA010E01F49F94C0041225B /* Observable.swift */; };
		7DA010E41F49F94C0041225B /* Error.swift in Sources */ = {isa = PBXBuildFile; fileRef = 7DA010E11F49F94C0041225B /* Error.swift */; };
		7DA010E81F49F95A0041225B /* OpenWeatherMapService.swift in Sources */ = {isa = PBXBuildFile; fileRef = 7DA010E61F49F95A0041225B /* OpenWeatherMapService.swift */; };
		7DA010E91F49F95A0041225B /* WeatherServiceProtocol.swift in Sources */ = {isa = PBXBuildFile; fileRef = 7DA010E71F49F95A0041225B /* WeatherServiceProtocol.swift */; };
		7DA010F21F49F96A0041225B /* Weather.swift in Sources */ = {isa = PBXBuildFile; fileRef = 7DA010ED1F49F96A0041225B /* Weather.swift */; };
		7DA010F31F49F96A0041225B /* WeatherBuilder.swift in Sources */ = {isa = PBXBuildFile; fileRef = 7DA010EE1F49F96A0041225B /* WeatherBuilder.swift */; };
		7DA010F41F49F96A0041225B /* WeatherIcon.swift in Sources */ = {isa = PBXBuildFile; fileRef = 7DA010EF1F49F96A0041225B /* WeatherIcon.swift */; };
		7DA010FB1F49F97B0041225B /* WeatherViewModel.swift in Sources */ = {isa = PBXBuildFile; fileRef = 7DA010F61F49F97B0041225B /* WeatherViewModel.swift */; };
		7DA010FC1F49F97B0041225B /* PageViewController.swift in Sources */ = {isa = PBXBuildFile; fileRef = 7DA010F71F49F97B0041225B /* PageViewController.swift */; };
		7DA010FD1F49F97B0041225B /* WeatherViewController.swift in Sources */ = {isa = PBXBuildFile; fileRef = 7DA010F81F49F97B0041225B /* WeatherViewController.swift */; };
		7DA010FE1F49F97B0041225B /* CityTableViewController.swift in Sources */ = {isa = PBXBuildFile; fileRef = 7DA010F91F49F97B0041225B /* CityTableViewController.swift */; };
		7DA010FF1F49F97B0041225B /* CitiesService.swift in Sources */ = {isa = PBXBuildFile; fileRef = 7DA010FA1F49F97B0041225B /* CitiesService.swift */; };
		7DA0110A1F4A10EF0041225B /* weathericons-regular-webfont.ttf in Resources */ = {isa = PBXBuildFile; fileRef = 7DA011091F49F9CB0041225B /* weathericons-regular-webfont.ttf */; };
		7DA0110D1F4A1E780041225B /* List+CoreDataClass.swift in Sources */ = {isa = PBXBuildFile; fileRef = 7DA0110B1F4A1E780041225B /* List+CoreDataClass.swift */; };
		7DA0110E1F4A1E780041225B /* List+CoreDataProperties.swift in Sources */ = {isa = PBXBuildFile; fileRef = 7DA0110C1F4A1E780041225B /* List+CoreDataProperties.swift */; };
		7DA011101F4A1F270041225B /* ListTableViewController.swift in Sources */ = {isa = PBXBuildFile; fileRef = 7DA0110F1F4A1F270041225B /* ListTableViewController.swift */; };
		B6999AB9487FAA7B856551CC /* Pods_MyWeather.framework in Frameworks */ = {isa = PBXBuildFile; fileRef = A9089A94A8865C4F144C411C /* Pods_MyWeather.framework */; };
/* End PBXBuildFile section */

/* Begin PBXFileReference section */
		532AE29DCE9EB57A60BD981E /* Pods-MyWeather.release.xcconfig */ = {isa = PBXFileReference; includeInIndex = 1; lastKnownFileType = text.xcconfig; name = "Pods-MyWeather.release.xcconfig"; path = "Pods/Target Support Files/Pods-MyWeather/Pods-MyWeather.release.xcconfig"; sourceTree = "<group>"; };
		6BA2214CAD9D976083232BD5 /* Pods-MyWeather.debug.xcconfig */ = {isa = PBXFileReference; includeInIndex = 1; lastKnownFileType = text.xcconfig; name = "Pods-MyWeather.debug.xcconfig"; path = "Pods/Target Support Files/Pods-MyWeather/Pods-MyWeather.debug.xcconfig"; sourceTree = "<group>"; };
		7DA010BF1F49F8310041225B /* MyWeather.app */ = {isa = PBXFileReference; explicitFileType = wrapper.application; includeInIndex = 0; path = MyWeather.app; sourceTree = BUILT_PRODUCTS_DIR; };
		7DA010C21F49F8310041225B /* AppDelegate.swift */ = {isa = PBXFileReference; lastKnownFileType = sourcecode.swift; path = AppDelegate.swift; sourceTree = "<group>"; };
		7DA010C71F49F8310041225B /* Base */ = {isa = PBXFileReference; lastKnownFileType = file.storyboard; name = Base; path = Base.lproj/Main.storyboard; sourceTree = "<group>"; };
		7DA010CA1F49F8310041225B /* MyWeather.xcdatamodel */ = {isa = PBXFileReference; lastKnownFileType = wrapper.xcdatamodel; path = MyWeather.xcdatamodel; sourceTree = "<group>"; };
		7DA010CC1F49F8310041225B /* Assets.xcassets */ = {isa = PBXFileReference; lastKnownFileType = folder.assetcatalog; path = Assets.xcassets; sourceTree = "<group>"; };
		7DA010CF1F49F8310041225B /* Base */ = {isa = PBXFileReference; lastKnownFileType = file.storyboard; name = Base; path = Base.lproj/LaunchScreen.storyboard; sourceTree = "<group>"; };
		7DA010D11F49F8310041225B /* Info.plist */ = {isa = PBXFileReference; lastKnownFileType = text.plist.xml; path = Info.plist; sourceTree = "<group>"; };
		7DA010D81F49F8F80041225B /* City+CoreDataClass.swift */ = {isa = PBXFileReference; fileEncoding = 4; lastKnownFileType = sourcecode.swift; path = "City+CoreDataClass.swift"; sourceTree = "<group>"; };
		7DA010D91F49F8F80041225B /* City+CoreDataProperties.swift */ = {isa = PBXFileReference; fileEncoding = 4; lastKnownFileType = sourcecode.swift; path = "City+CoreDataProperties.swift"; sourceTree = "<group>"; };
		7DA010DF1F49F94C0041225B /* LocationService.swift */ = {isa = PBXFileReference; fileEncoding = 4; lastKnownFileType = sourcecode.swift; path = LocationService.swift; sourceTree = "<group>"; };
		7DA010E01F49F94C0041225B /* Observable.swift */ = {isa = PBXFileReference; fileEncoding = 4; lastKnownFileType = sourcecode.swift; path = Observable.swift; sourceTree = "<group>"; };
		7DA010E11F49F94C0041225B /* Error.swift */ = {isa = PBXFileReference; fileEncoding = 4; lastKnownFileType = sourcecode.swift; path = Error.swift; sourceTree = "<group>"; };
		7DA010E61F49F95A0041225B /* OpenWeatherMapService.swift */ = {isa = PBXFileReference; fileEncoding = 4; lastKnownFileType = sourcecode.swift; path = OpenWeatherMapService.swift; sourceTree = "<group>"; };
		7DA010E71F49F95A0041225B /* WeatherServiceProtocol.swift */ = {isa = PBXFileReference; fileEncoding = 4; lastKnownFileType = sourcecode.swift; path = WeatherServiceProtocol.swift; sourceTree = "<group>"; };
		7DA010ED1F49F96A0041225B /* Weather.swift */ = {isa = PBXFileReference; fileEncoding = 4; lastKnownFileType = sourcecode.swift; path = Weather.swift; sourceTree = "<group>"; };
		7DA010EE1F49F96A0041225B /* WeatherBuilder.swift */ = {isa = PBXFileReference; fileEncoding = 4; lastKnownFileType = sourcecode.swift; path = WeatherBuilder.swift; sourceTree = "<group>"; };
		7DA010EF1F49F96A0041225B /* WeatherIcon.swift */ = {isa = PBXFileReference; fileEncoding = 4; lastKnownFileType = sourcecode.swift; path = WeatherIcon.swift; sourceTree = "<group>"; };
		7DA010F61F49F97B0041225B /* WeatherViewModel.swift */ = {isa = PBXFileReference; fileEncoding = 4; lastKnownFileType = sourcecode.swift; path = WeatherViewModel.swift; sourceTree = "<group>"; };
		7DA010F71F49F97B0041225B /* PageViewController.swift */ = {isa = PBXFileReference; fileEncoding = 4; lastKnownFileType = sourcecode.swift; path = PageViewController.swift; sourceTree = "<group>"; };
		7DA010F81F49F97B0041225B /* WeatherViewController.swift */ = {isa = PBXFileReference; fileEncoding = 4; lastKnownFileType = sourcecode.swift; path = WeatherViewController.swift; sourceTree = "<group>"; };
		7DA010F91F49F97B0041225B /* CityTableViewController.swift */ = {isa = PBXFileReference; fileEncoding = 4; lastKnownFileType = sourcecode.swift; path = CityTableViewController.swift; sourceTree = "<group>"; };
		7DA010FA1F49F97B0041225B /* CitiesService.swift */ = {isa = PBXFileReference; fileEncoding = 4; lastKnownFileType = sourcecode.swift; path = CitiesService.swift; sourceTree = "<group>"; };
		7DA011091F49F9CB0041225B /* weathericons-regular-webfont.ttf */ = {isa = PBXFileReference; lastKnownFileType = file; path = "weathericons-regular-webfont.ttf"; sourceTree = "<group>"; };
		7DA0110B1F4A1E780041225B /* List+CoreDataClass.swift */ = {isa = PBXFileReference; fileEncoding = 4; lastKnownFileType = sourcecode.swift; path = "List+CoreDataClass.swift"; sourceTree = "<group>"; };
		7DA0110C1F4A1E780041225B /* List+CoreDataProperties.swift */ = {isa = PBXFileReference; fileEncoding = 4; lastKnownFileType = sourcecode.swift; path = "List+CoreDataProperties.swift"; sourceTree = "<group>"; };
		7DA0110F1F4A1F270041225B /* ListTableViewController.swift */ = {isa = PBXFileReference; fileEncoding = 4; lastKnownFileType = sourcecode.swift; path = ListTableViewController.swift; sourceTree = "<group>"; };
		A9089A94A8865C4F144C411C /* Pods_MyWeather.framework */ = {isa = PBXFileReference; explicitFileType = wrapper.framework; includeInIndex = 0; path = Pods_MyWeather.framework; sourceTree = BUILT_PRODUCTS_DIR; };
/* End PBXFileReference section */

/* Begin PBXFrameworksBuildPhase section */
		7DA010BC1F49F8310041225B /* Frameworks */ = {
			isa = PBXFrameworksBuildPhase;
			buildActionMask = 2147483647;
			files = (
				B6999AB9487FAA7B856551CC /* Pods_MyWeather.framework in Frameworks */,
			);
			runOnlyForDeploymentPostprocessing = 0;
		};
/* End PBXFrameworksBuildPhase section */

/* Begin PBXGroup section */
		7DA010B61F49F8310041225B = {
			isa = PBXGroup;
			children = (
				7DA010C11F49F8310041225B /* MyWeather */,
				7DA010C01F49F8310041225B /* Products */,
				CD4325B0B8D1D0A2BFB2D24C /* Pods */,
				9C9A3534E28E8A4AB7ABEB47 /* Frameworks */,
			);
			sourceTree = "<group>";
		};
		7DA010C01F49F8310041225B /* Products */ = {
			isa = PBXGroup;
			children = (
				7DA010BF1F49F8310041225B /* MyWeather.app */,
			);
			name = Products;
			sourceTree = "<group>";
		};
		7DA010C11F49F8310041225B /* MyWeather */ = {
			isa = PBXGroup;
			children = (
				7DA010DC1F49F9160041225B /* SupportingFiles */,
				7DA010E51F49F9500041225B /* Common */,
				7DA010EA1F49F95D0041225B /* Services */,
				7DA010F51F49F96E0041225B /* Model */,
				7DA010F61F49F97B0041225B /* WeatherViewModel.swift */,
				7DA010F71F49F97B0041225B /* PageViewController.swift */,
				7DA010F81F49F97B0041225B /* WeatherViewController.swift */,
				7DA010F91F49F97B0041225B /* CityTableViewController.swift */,
				7DA0110F1F4A1F270041225B /* ListTableViewController.swift */,
				7DA010D71F49F8E70041225B /* CoreData */,
			);
			path = MyWeather;
			sourceTree = "<group>";
		};
		7DA010D71F49F8E70041225B /* CoreData */ = {
			isa = PBXGroup;
			children = (
				7DA0110B1F4A1E780041225B /* List+CoreDataClass.swift */,
				7DA0110C1F4A1E780041225B /* List+CoreDataProperties.swift */,
				7DA010D81F49F8F80041225B /* City+CoreDataClass.swift */,
				7DA010D91F49F8F80041225B /* City+CoreDataProperties.swift */,
				7DA010C91F49F8310041225B /* MyWeather.xcdatamodeld */,
			);
			name = CoreData;
			sourceTree = "<group>";
		};
		7DA010DC1F49F9160041225B /* SupportingFiles */ = {
			isa = PBXGroup;
			children = (
				7DA010C21F49F8310041225B /* AppDelegate.swift */,
				7DA010C61F49F8310041225B /* Main.storyboard */,
				7DA010CC1F49F8310041225B /* Assets.xcassets */,
				7DA010CE1F49F8310041225B /* LaunchScreen.storyboard */,
				7DA010D11F49F8310041225B /* Info.plist */,
				7DA011091F49F9CB0041225B /* weathericons-regular-webfont.ttf */,
			);
			name = SupportingFiles;
			sourceTree = "<group>";
		};
		7DA010E51F49F9500041225B /* Common */ = {
			isa = PBXGroup;
			children = (
				7DA010DF1F49F94C0041225B /* LocationService.swift */,
				7DA010E01F49F94C0041225B /* Observable.swift */,
				7DA010E11F49F94C0041225B /* Error.swift */,
			);
			name = Common;
			sourceTree = "<group>";
		};
		7DA010EA1F49F95D0041225B /* Services */ = {
			isa = PBXGroup;
			children = (
				7DA010E61F49F95A0041225B /* OpenWeatherMapService.swift */,
				7DA010E71F49F95A0041225B /* WeatherServiceProtocol.swift */,
				7DA010FA1F49F97B0041225B /* CitiesService.swift */,
			);
			name = Services;
			sourceTree = "<group>";
		};
		7DA010F51F49F96E0041225B /* Model */ = {
			isa = PBXGroup;
			children = (
				7DA010ED1F49F96A0041225B /* Weather.swift */,
				7DA010EE1F49F96A0041225B /* WeatherBuilder.swift */,
				7DA010EF1F49F96A0041225B /* WeatherIcon.swift */,
			);
			name = Model;
			sourceTree = "<group>";
		};
		9C9A3534E28E8A4AB7ABEB47 /* Frameworks */ = {
			isa = PBXGroup;
			children = (
				A9089A94A8865C4F144C411C /* Pods_MyWeather.framework */,
			);
			name = Frameworks;
			sourceTree = "<group>";
		};
		CD4325B0B8D1D0A2BFB2D24C /* Pods */ = {
			isa = PBXGroup;
			children = (
				6BA2214CAD9D976083232BD5 /* Pods-MyWeather.debug.xcconfig */,
				532AE29DCE9EB57A60BD981E /* Pods-MyWeather.release.xcconfig */,
			);
			name = Pods;
			sourceTree = "<group>";
		};
/* End PBXGroup section */

/* Begin PBXNativeTarget section */
		7DA010BE1F49F8310041225B /* MyWeather */ = {
			isa = PBXNativeTarget;
			buildConfigurationList = 7DA010D41F49F8310041225B /* Build configuration list for PBXNativeTarget "MyWeather" */;
			buildPhases = (
				8ABAA0B975C33781EF522B0D /* [CP] Check Pods Manifest.lock */,
				7DA010BB1F49F8310041225B /* Sources */,
				7DA010BC1F49F8310041225B /* Frameworks */,
				7DA010BD1F49F8310041225B /* Resources */,
				0F3DF5D9CF42289E3CB44BD4 /* [CP] Embed Pods Frameworks */,
				4F307622F4E5AEC87CD0344A /* [CP] Copy Pods Resources */,
			);
			buildRules = (
			);
			dependencies = (
			);
			name = MyWeather;
			productName = MyWeather;
			productReference = 7DA010BF1F49F8310041225B /* MyWeather.app */;
			productType = "com.apple.product-type.application";
		};
/* End PBXNativeTarget section */

/* Begin PBXProject section */
		7DA010B71F49F8310041225B /* Project object */ = {
			isa = PBXProject;
			attributes = {
				LastSwiftUpdateCheck = 0830;
				LastUpgradeCheck = 0830;
				ORGANIZATIONNAME = sapgv;
				TargetAttributes = {
					7DA010BE1F49F8310041225B = {
						CreatedOnToolsVersion = 8.3.3;
						DevelopmentTeam = KTV28US9SX;
						ProvisioningStyle = Automatic;
						SystemCapabilities = {
							com.apple.BackgroundModes = {
								enabled = 1;
							};
						};
					};
				};
			};
			buildConfigurationList = 7DA010BA1F49F8310041225B /* Build configuration list for PBXProject "MyWeather" */;
			compatibilityVersion = "Xcode 3.2";
			developmentRegion = English;
			hasScannedForEncodings = 0;
			knownRegions = (
				en,
				Base,
			);
			mainGroup = 7DA010B61F49F8310041225B;
			productRefGroup = 7DA010C01F49F8310041225B /* Products */;
			projectDirPath = "";
			projectRoot = "";
			targets = (
				7DA010BE1F49F8310041225B /* MyWeather */,
			);
		};
/* End PBXProject section */

/* Begin PBXResourcesBuildPhase section */
		7DA010BD1F49F8310041225B /* Resources */ = {
			isa = PBXResourcesBuildPhase;
			buildActionMask = 2147483647;
			files = (
				7DA010D01F49F8310041225B /* LaunchScreen.storyboard in Resources */,
				7DA010CD1F49F8310041225B /* Assets.xcassets in Resources */,
				7DA010C81F49F8310041225B /* Main.storyboard in Resources */,
				7DA0110A1F4A10EF0041225B /* weathericons-regular-webfont.ttf in Resources */,
			);
			runOnlyForDeploymentPostprocessing = 0;
		};
/* End PBXResourcesBuildPhase section */

/* Begin PBXShellScriptBuildPhase section */
		0F3DF5D9CF42289E3CB44BD4 /* [CP] Embed Pods Frameworks */ = {
			isa = PBXShellScriptBuildPhase;
			buildActionMask = 2147483647;
			files = (
			);
			inputPaths = (
			);
			name = "[CP] Embed Pods Frameworks";
			outputPaths = (
			);
			runOnlyForDeploymentPostprocessing = 0;
			shellPath = /bin/sh;
			shellScript = "\"${SRCROOT}/Pods/Target Support Files/Pods-MyWeather/Pods-MyWeather-frameworks.sh\"\n";
			showEnvVarsInLog = 0;
		};
		4F307622F4E5AEC87CD0344A /* [CP] Copy Pods Resources */ = {
			isa = PBXShellScriptBuildPhase;
			buildActionMask = 2147483647;
			files = (
			);
			inputPaths = (
			);
			name = "[CP] Copy Pods Resources";
			outputPaths = (
			);
			runOnlyForDeploymentPostprocessing = 0;
			shellPath = /bin/sh;
			shellScript = "\"${SRCROOT}/Pods/Target Support Files/Pods-MyWeather/Pods-MyWeather-resources.sh\"\n";
			showEnvVarsInLog = 0;
		};
		8ABAA0B975C33781EF522B0D /* [CP] Check Pods Manifest.lock */ = {
			isa = PBXShellScriptBuildPhase;
			buildActionMask = 2147483647;
			files = (
			);
			inputPaths = (
			);
			name = "[CP] Check Pods Manifest.lock";
			outputPaths = (
			);
			runOnlyForDeploymentPostprocessing = 0;
			shellPath = /bin/sh;
			shellScript = "diff \"${PODS_PODFILE_DIR_PATH}/Podfile.lock\" \"${PODS_ROOT}/Manifest.lock\" > /dev/null\nif [ $? != 0 ] ; then\n    # print error to STDERR\n    echo \"error: The sandbox is not in sync with the Podfile.lock. Run 'pod install' or update your CocoaPods installation.\" >&2\n    exit 1\nfi\n";
			showEnvVarsInLog = 0;
		};
/* End PBXShellScriptBuildPhase section */

/* Begin PBXSourcesBuildPhase section */
		7DA010BB1F49F8310041225B /* Sources */ = {
			isa = PBXSourcesBuildPhase;
			buildActionMask = 2147483647;
			files = (
				7DA010FD1F49F97B0041225B /* WeatherViewController.swift in Sources */,
				7DA010F41F49F96A0041225B /* WeatherIcon.swift in Sources */,
				7DA010DB1F49F8F80041225B /* City+CoreDataProperties.swift in Sources */,
				7DA011101F4A1F270041225B /* ListTableViewController.swift in Sources */,
				7DA010DA1F49F8F80041225B /* City+CoreDataClass.swift in Sources */,
				7DA010E21F49F94C0041225B /* LocationService.swift in Sources */,
				7DA010F21F49F96A0041225B /* Weather.swift in Sources */,
				7DA0110E1F4A1E780041225B /* List+CoreDataProperties.swift in Sources */,
				7DA0110D1F4A1E780041225B /* List+CoreDataClass.swift in Sources */,
				7DA010F31F49F96A0041225B /* WeatherBuilder.swift in Sources */,
				7DA010C31F49F8310041225B /* AppDelegate.swift in Sources */,
				7DA010E31F49F94C0041225B /* Observable.swift in Sources */,
				7DA010E41F49F94C0041225B /* Error.swift in Sources */,
				7DA010FB1F49F97B0041225B /* WeatherViewModel.swift in Sources */,
				7DA010FE1F49F97B0041225B /* CityTableViewController.swift in Sources */,
				7DA010E91F49F95A0041225B /* WeatherServiceProtocol.swift in Sources */,
				7DA010FF1F49F97B0041225B /* CitiesService.swift in Sources */,
				7DA010CB1F49F8310041225B /* MyWeather.xcdatamodeld in Sources */,
				7DA010E81F49F95A0041225B /* OpenWeatherMapService.swift in Sources */,
				7DA010FC1F49F97B0041225B /* PageViewController.swift in Sources */,
			);
			runOnlyForDeploymentPostprocessing = 0;
		};
/* End PBXSourcesBuildPhase section */

/* Begin PBXVariantGroup section */
		7DA010C61F49F8310041225B /* Main.storyboard */ = {
			isa = PBXVariantGroup;
			children = (
				7DA010C71F49F8310041225B /* Base */,
			);
			name = Main.storyboard;
			sourceTree = "<group>";
		};
		7DA010CE1F49F8310041225B /* LaunchScreen.storyboard */ = {
			isa = PBXVariantGroup;
			children = (
				7DA010CF1F49F8310041225B /* Base */,
			);
			name = LaunchScreen.storyboard;
			sourceTree = "<group>";
		};
/* End PBXVariantGroup section */

/* Begin XCBuildConfiguration section */
		7DA010D21F49F8310041225B /* Debug */ = {
			isa = XCBuildConfiguration;
			buildSettings = {
				ALWAYS_SEARCH_USER_PATHS = NO;
				CLANG_ANALYZER_NONNULL = YES;
				CLANG_ANALYZER_NUMBER_OBJECT_CONVERSION = YES_AGGRESSIVE;
				CLANG_CXX_LANGUAGE_STANDARD = "gnu++0x";
				CLANG_CXX_LIBRARY = "libc++";
				CLANG_ENABLE_MODULES = YES;
				CLANG_ENABLE_OBJC_ARC = YES;
				CLANG_WARN_BOOL_CONVERSION = YES;
				CLANG_WARN_CONSTANT_CONVERSION = YES;
				CLANG_WARN_DIRECT_OBJC_ISA_USAGE = YES_ERROR;
				CLANG_WARN_DOCUMENTATION_COMMENTS = YES;
				CLANG_WARN_EMPTY_BODY = YES;
				CLANG_WARN_ENUM_CONVERSION = YES;
				CLANG_WARN_INFINITE_RECURSION = YES;
				CLANG_WARN_INT_CONVERSION = YES;
				CLANG_WARN_OBJC_ROOT_CLASS = YES_ERROR;
				CLANG_WARN_SUSPICIOUS_MOVE = YES;
				CLANG_WARN_UNREACHABLE_CODE = YES;
				CLANG_WARN__DUPLICATE_METHOD_MATCH = YES;
				"CODE_SIGN_IDENTITY[sdk=iphoneos*]" = "iPhone Developer";
				COPY_PHASE_STRIP = NO;
				DEBUG_INFORMATION_FORMAT = dwarf;
				ENABLE_STRICT_OBJC_MSGSEND = YES;
				ENABLE_TESTABILITY = YES;
				GCC_C_LANGUAGE_STANDARD = gnu99;
				GCC_DYNAMIC_NO_PIC = NO;
				GCC_NO_COMMON_BLOCKS = YES;
				GCC_OPTIMIZATION_LEVEL = 0;
				GCC_PREPROCESSOR_DEFINITIONS = (
					"DEBUG=1",
					"$(inherited)",
				);
				GCC_WARN_64_TO_32_BIT_CONVERSION = YES;
				GCC_WARN_ABOUT_RETURN_TYPE = YES_ERROR;
				GCC_WARN_UNDECLARED_SELECTOR = YES;
				GCC_WARN_UNINITIALIZED_AUTOS = YES_AGGRESSIVE;
				GCC_WARN_UNUSED_FUNCTION = YES;
				GCC_WARN_UNUSED_VARIABLE = YES;
				IPHONEOS_DEPLOYMENT_TARGET = 10.3;
				MTL_ENABLE_DEBUG_INFO = YES;
				ONLY_ACTIVE_ARCH = YES;
				SDKROOT = iphoneos;
				SWIFT_ACTIVE_COMPILATION_CONDITIONS = DEBUG;
				SWIFT_OPTIMIZATION_LEVEL = "-Onone";
				TARGETED_DEVICE_FAMILY = "1,2";
			};
			name = Debug;
		};
		7DA010D31F49F8310041225B /* Release */ = {
			isa = XCBuildConfiguration;
			buildSettings = {
				ALWAYS_SEARCH_USER_PATHS = NO;
				CLANG_ANALYZER_NONNULL = YES;
				CLANG_ANALYZER_NUMBER_OBJECT_CONVERSION = YES_AGGRESSIVE;
				CLANG_CXX_LANGUAGE_STANDARD = "gnu++0x";
				CLANG_CXX_LIBRARY = "libc++";
				CLANG_ENABLE_MODULES = YES;
				CLANG_ENABLE_OBJC_ARC = YES;
				CLANG_WARN_BOOL_CONVERSION = YES;
				CLANG_WARN_CONSTANT_CONVERSION = YES;
				CLANG_WARN_DIRECT_OBJC_ISA_USAGE = YES_ERROR;
				CLANG_WARN_DOCUMENTATION_COMMENTS = YES;
				CLANG_WARN_EMPTY_BODY = YES;
				CLANG_WARN_ENUM_CONVERSION = YES;
				CLANG_WARN_INFINITE_RECURSION = YES;
				CLANG_WARN_INT_CONVERSION = YES;
				CLANG_WARN_OBJC_ROOT_CLASS = YES_ERROR;
				CLANG_WARN_SUSPICIOUS_MOVE = YES;
				CLANG_WARN_UNREACHABLE_CODE = YES;
				CLANG_WARN__DUPLICATE_METHOD_MATCH = YES;
				"CODE_SIGN_IDENTITY[sdk=iphoneos*]" = "iPhone Developer";
				COPY_PHASE_STRIP = NO;
				DEBUG_INFORMATION_FORMAT = "dwarf-with-dsym";
				ENABLE_NS_ASSERTIONS = NO;
				ENABLE_STRICT_OBJC_MSGSEND = YES;
				GCC_C_LANGUAGE_STANDARD = gnu99;
				GCC_NO_COMMON_BLOCKS = YES;
				GCC_WARN_64_TO_32_BIT_CONVERSION = YES;
				GCC_WARN_ABOUT_RETURN_TYPE = YES_ERROR;
				GCC_WARN_UNDECLARED_SELECTOR = YES;
				GCC_WARN_UNINITIALIZED_AUTOS = YES_AGGRESSIVE;
				GCC_WARN_UNUSED_FUNCTION = YES;
				GCC_WARN_UNUSED_VARIABLE = YES;
				IPHONEOS_DEPLOYMENT_TARGET = 10.3;
				MTL_ENABLE_DEBUG_INFO = NO;
				SDKROOT = iphoneos;
				SWIFT_OPTIMIZATION_LEVEL = "-Owholemodule";
				TARGETED_DEVICE_FAMILY = "1,2";
				VALIDATE_PRODUCT = YES;
			};
			name = Release;
		};
		7DA010D51F49F8310041225B /* Debug */ = {
			isa = XCBuildConfiguration;
			baseConfigurationReference = 6BA2214CAD9D976083232BD5 /* Pods-MyWeather.debug.xcconfig */;
			buildSettings = {
				ASSETCATALOG_COMPILER_APPICON_NAME = AppIcon;
				DEVELOPMENT_TEAM = KTV28US9SX;
				INFOPLIST_FILE = MyWeather/Info.plist;
				IPHONEOS_DEPLOYMENT_TARGET = 9.0;
				LD_RUNPATH_SEARCH_PATHS = "$(inherited) @executable_path/Frameworks";
				PRODUCT_BUNDLE_IDENTIFIER = com.sapgv.MyWeather;
				PRODUCT_NAME = "$(TARGET_NAME)";
				SWIFT_VERSION = 3.0;
			};
			name = Debug;
		};
		7DA010D61F49F8310041225B /* Release */ = {
			isa = XCBuildConfiguration;
			baseConfigurationReference = 532AE29DCE9EB57A60BD981E /* Pods-MyWeather.release.xcconfig */;
			buildSettings = {
				ASSETCATALOG_COMPILER_APPICON_NAME = AppIcon;
				DEVELOPMENT_TEAM = KTV28US9SX;
				INFOPLIST_FILE = MyWeather/Info.plist;
				IPHONEOS_DEPLOYMENT_TARGET = 9.0;
				LD_RUNPATH_SEARCH_PATHS = "$(inherited) @executable_path/Frameworks";
				PRODUCT_BUNDLE_IDENTIFIER = com.sapgv.MyWeather;
				PRODUCT_NAME = "$(TARGET_NAME)";
				SWIFT_VERSION = 3.0;
			};
			name = Release;
		};
/* End XCBuildConfiguration section */

/* Begin XCConfigurationList section */
		7DA010BA1F49F8310041225B /* Build configuration list for PBXProject "MyWeather" */ = {
			isa = XCConfigurationList;
			buildConfigurations = (
				7DA010D21F49F8310041225B /* Debug */,
				7DA010D31F49F8310041225B /* Release */,
			);
			defaultConfigurationIsVisible = 0;
			defaultConfigurationName = Release;
		};
		7DA010D41F49F8310041225B /* Build configuration list for PBXNativeTarget "MyWeather" */ = {
			isa = XCConfigurationList;
			buildConfigurations = (
				7DA010D51F49F8310041225B /* Debug */,
				7DA010D61F49F8310041225B /* Release */,
			);
			defaultConfigurationIsVisible = 0;
			defaultConfigurationName = Release;
		};
/* End XCConfigurationList section */

/* Begin XCVersionGroup section */
		7DA010C91F49F8310041225B /* MyWeather.xcdatamodeld */ = {
			isa = XCVersionGroup;
			children = (
				7DA010CA1F49F8310041225B /* MyWeather.xcdatamodel */,
			);
			currentVersion = 7DA010CA1F49F8310041225B /* MyWeather.xcdatamodel */;
			path = MyWeather.xcdatamodeld;
			sourceTree = "<group>";
			versionGroupType = wrapper.xcdatamodel;
		};
/* End XCVersionGroup section */
	};
	rootObject = 7DA010B71F49F8310041225B /* Project object */;
}
